
Microsoft Visual Studio Solution File, Format Version 12.00
# Visual Studio Version 16
VisualStudioVersion = 16.0.32510.428
MinimumVisualStudioVersion = 10.0.40219.1
Project("{FAE04EC0-301F-11D3-BF4B-00C04F79EFBC}") = "SalesWebMvc19", "SalesWebMvc19\SalesWebMvc19.csproj", "{71DFD91E-C233-4E0D-868E-EE77B8D03671}"
EndProject
Global
	GlobalSection(SolutionConfigurationPlatforms) = preSolution
		Debug|Any CPU = Debug|Any CPU
		Release|Any CPU = Release|Any CPU
	EndGlobalSection
	GlobalSection(ProjectConfigurationPlatforms) = postSolution
		{71DFD91E-C233-4E0D-868E-EE77B8D03671}.Debug|Any CPU.ActiveCfg = Debug|Any CPU
		{71DFD91E-C233-4E0D-868E-EE77B8D03671}.Debug|Any CPU.Build.0 = Debug|Any CPU
		{71DFD91E-C233-4E0D-868E-EE77B8D03671}.Release|Any CPU.ActiveCfg = Release|Any CPU
		{71DFD91E-C233-4E0D-868E-EE77B8D03671}.Release|Any CPU.Build.0 = Release|Any CPU
	EndGlobalSection
	GlobalSection(SolutionProperties) = preSolution
		HideSolutionNode = FALSE
	EndGlobalSection
	GlobalSection(ExtensibilityGlobals) = postSolution
		SolutionGuid = {E238F4DE-5475-4085-B574-656D06BB970C}
	EndGlobalSection
EndGlobal
